
Microsoft Visual Studio Solution File, Format Version 12.00
# Visual Studio Version 17
VisualStudioVersion = 17.2.32630.192
MinimumVisualStudioVersion = 10.0.40219.1
Project("{2150E333-8FDC-42A3-9474-1A3956D46DE8}") = "Tests", "Tests", "{1FC7E4CA-D079-43C0-9AC5-051F4B81A7AC}"
EndProject
Project("{2150E333-8FDC-42A3-9474-1A3956D46DE8}") = "Src", "Src", "{4CD022A9-227B-4F32-88AB-91823664D15D}"
EndProject
Project("{2150E333-8FDC-42A3-9474-1A3956D46DE8}") = ".Solution Items", ".Solution Items", "{63ECDC93-300E-4686-8FFC-74C47B3A2694}"
	ProjectSection(SolutionItems) = preProject
		axis.luna.common.readme.md = axis.luna.common.readme.md
		BackLog.txt = BackLog.txt
		CHANGELOG.md = CHANGELOG.md
		LICENSE.txt.txt = LICENSE.txt.txt
	EndProjectSection
EndProject
Project("{9A19103F-16F7-4668-BE54-9A1E7A4F7556}") = "Axis.Luna.Extensions", "Axis.Luna.Extensions\Axis.Luna.Extensions.csproj", "{F8B8618B-E138-452B-BBFF-EE71BDB106B2}"
EndProject
Project("{9A19103F-16F7-4668-BE54-9A1E7A4F7556}") = "Axis.Luna.Common", "Axis.Luna.Common\Axis.Luna.Common.csproj", "{C8272E0A-6E7C-4E3C-BC04-A8761E37E163}"
EndProject
Project("{9A19103F-16F7-4668-BE54-9A1E7A4F7556}") = "Axis.Luna.Extensions.Test", "Axis.Luna.Extensions.Test\Axis.Luna.Extensions.Test.csproj", "{BCB3AE6A-DCC4-42D1-B952-10FDE3CCDE08}"
EndProject
Project("{9A19103F-16F7-4668-BE54-9A1E7A4F7556}") = "Axis.Luna.Common.Test", "Axis.Luna.Common.Test\Axis.Luna.Common.Test.csproj", "{BFECDC6D-05A2-4B6A-BB7B-E872F5C21F17}"
EndProject
Project("{9A19103F-16F7-4668-BE54-9A1E7A4F7556}") = "Axis.Luna.FInvoke", "Axis.Luna.FInvoke\Axis.Luna.FInvoke.csproj", "{99EECC49-37A6-4554-ACFD-6211839AED27}"
EndProject
Project("{9A19103F-16F7-4668-BE54-9A1E7A4F7556}") = "Axis.Luna.FInvoke.Tests", "Axis.Luna.FInvoke.Tests\Axis.Luna.FInvoke.Tests.csproj", "{3FDAC6DB-0345-4951-97BF-EA77AFCACAAC}"
EndProject
Project("{2150E333-8FDC-42A3-9474-1A3956D46DE8}") = "Tests.Benchmarks", "Tests.Benchmarks", "{16383A5B-67CD-45B3-97AB-B1EAB96F68B5}"
EndProject
Project("{9A19103F-16F7-4668-BE54-9A1E7A4F7556}") = "Axis.Luna.Extensions.Benchmark", "Axis.Luna.Extensions.Benchmark\Axis.Luna.Extensions.Benchmark.csproj", "{42830144-7A76-4062-B1C2-D2B1EE39EC12}"
EndProject
Project("{2150E333-8FDC-42A3-9474-1A3956D46DE8}") = ".github.workflows", ".github.workflows", "{77BBA9A1-B529-47BE-9E7D-134A086F5BB7}"
	ProjectSection(SolutionItems) = preProject
		.github\workflows\ci.yaml = .github\workflows\ci.yaml
		.github\workflows\pre-release.yaml = .github\workflows\pre-release.yaml
		.github\workflows\release.yaml = .github\workflows\release.yaml
	EndProjectSection
EndProject
Project("{9A19103F-16F7-4668-BE54-9A1E7A4F7556}") = "Axis.Luna.Automata", "Axis.Luna.Automata\Axis.Luna.Automata.csproj", "{DD6C67A2-58E6-4B33-8B91-07E2B4D960C6}"
EndProject
Project("{2150E333-8FDC-42A3-9474-1A3956D46DE8}") = "Common", "Common", "{4C81D645-888C-4620-9602-C16DA5238838}"
EndProject
Project("{9A19103F-16F7-4668-BE54-9A1E7A4F7556}") = "Axis.Luna.Numerics", "Axis.Luna.Numerics\Axis.Luna.Numerics.csproj", "{3D9A5781-12FA-4E6A-8AAB-75D35C79B50B}"
EndProject
Project("{9A19103F-16F7-4668-BE54-9A1E7A4F7556}") = "Axis.Luna.Result", "Axis.Luna.Result\Axis.Luna.Result.csproj", "{8D82888E-9330-440A-B506-17DB3410F4DE}"
EndProject
Project("{9A19103F-16F7-4668-BE54-9A1E7A4F7556}") = "Axis.Luna.Unions", "Axis.Luna.Unions\Axis.Luna.Unions.csproj", "{8FC445D6-D9D6-451E-AA78-729367E77250}"
EndProject
Project("{9A19103F-16F7-4668-BE54-9A1E7A4F7556}") = "Axis.Luna.Optional", "Axis.Luna.Optional\Axis.Luna.Optional.csproj", "{B9B09CD2-382E-4758-866A-B913C5FF22E8}"
EndProject
Project("{2150E333-8FDC-42A3-9474-1A3956D46DE8}") = "Common", "Common", "{E9B3F89A-EDD8-441C-B24E-E7BA2032F8AF}"
EndProject
Project("{9A19103F-16F7-4668-BE54-9A1E7A4F7556}") = "Axis.Luna.Automata.Test", "Axis.Luna.Automata.Test\Axis.Luna.Automata.Test.csproj", "{E6FBE45D-E7A2-4935-9511-198DE2D32B43}"
EndProject
Project("{9A19103F-16F7-4668-BE54-9A1E7A4F7556}") = "Axis.Luna.BitSequence.Test", "Axis.Luna.BitSequence.Test\Axis.Luna.BitSequence.Test.csproj", "{65308CA7-85C5-4B27-8694-F91F142D1D3B}"
EndProject
Project("{9A19103F-16F7-4668-BE54-9A1E7A4F7556}") = "Axis.Luna.Numerics.Test", "Axis.Luna.Numerics.Test\Axis.Luna.Numerics.Test.csproj", "{DC9ED555-489C-493C-B962-F80C116C271F}"
EndProject
Project("{9A19103F-16F7-4668-BE54-9A1E7A4F7556}") = "Axis.Luna.Optional.Test", "Axis.Luna.Optional.Test\Axis.Luna.Optional.Test.csproj", "{A608C7EA-9826-416C-8AD2-1B7313F91D3E}"
EndProject
Project("{9A19103F-16F7-4668-BE54-9A1E7A4F7556}") = "Axis.Luna.Result.Test", "Axis.Luna.Result.Test\Axis.Luna.Result.Test.csproj", "{1E540CC9-AB5A-4E63-B39C-E7DE7DC785F2}"
EndProject
Project("{9A19103F-16F7-4668-BE54-9A1E7A4F7556}") = "Axis.Luna.Unions.Test", "Axis.Luna.Unions.Test\Axis.Luna.Unions.Test.csproj", "{5DBC8569-8136-40F6-991E-B6FB9E014ED0}"
EndProject
Project("{9A19103F-16F7-4668-BE54-9A1E7A4F7556}") = "Axis.LunaNumerics.Benchmarks", "Axis.Luna.Numerics.Benchmarks\Axis.LunaNumerics.Benchmarks.csproj", "{6CA516F8-A828-4D7B-A8A8-2E83221C2D1D}"
EndProject
Project("{9A19103F-16F7-4668-BE54-9A1E7A4F7556}") = "Axis.Luna.BitSequence", "Axis.Luna.BitSequence\Axis.Luna.BitSequence.csproj", "{6D06A658-FF57-4831-8BA1-FEF7239D3067}"
EndProject
Global
	GlobalSection(SolutionConfigurationPlatforms) = preSolution
		Debug|Any CPU = Debug|Any CPU
		Release|Any CPU = Release|Any CPU
	EndGlobalSection
	GlobalSection(ProjectConfigurationPlatforms) = postSolution
		{F8B8618B-E138-452B-BBFF-EE71BDB106B2}.Debug|Any CPU.ActiveCfg = Debug|Any CPU
		{F8B8618B-E138-452B-BBFF-EE71BDB106B2}.Debug|Any CPU.Build.0 = Debug|Any CPU
		{F8B8618B-E138-452B-BBFF-EE71BDB106B2}.Release|Any CPU.ActiveCfg = Release|Any CPU
		{F8B8618B-E138-452B-BBFF-EE71BDB106B2}.Release|Any CPU.Build.0 = Release|Any CPU
		{C8272E0A-6E7C-4E3C-BC04-A8761E37E163}.Debug|Any CPU.ActiveCfg = Debug|Any CPU
		{C8272E0A-6E7C-4E3C-BC04-A8761E37E163}.Debug|Any CPU.Build.0 = Debug|Any CPU
		{C8272E0A-6E7C-4E3C-BC04-A8761E37E163}.Release|Any CPU.ActiveCfg = Release|Any CPU
		{C8272E0A-6E7C-4E3C-BC04-A8761E37E163}.Release|Any CPU.Build.0 = Release|Any CPU
		{BCB3AE6A-DCC4-42D1-B952-10FDE3CCDE08}.Debug|Any CPU.ActiveCfg = Debug|Any CPU
		{BCB3AE6A-DCC4-42D1-B952-10FDE3CCDE08}.Debug|Any CPU.Build.0 = Debug|Any CPU
		{BCB3AE6A-DCC4-42D1-B952-10FDE3CCDE08}.Release|Any CPU.ActiveCfg = Release|Any CPU
		{BCB3AE6A-DCC4-42D1-B952-10FDE3CCDE08}.Release|Any CPU.Build.0 = Release|Any CPU
		{BFECDC6D-05A2-4B6A-BB7B-E872F5C21F17}.Debug|Any CPU.ActiveCfg = Debug|Any CPU
		{BFECDC6D-05A2-4B6A-BB7B-E872F5C21F17}.Debug|Any CPU.Build.0 = Debug|Any CPU
		{BFECDC6D-05A2-4B6A-BB7B-E872F5C21F17}.Release|Any CPU.ActiveCfg = Release|Any CPU
		{BFECDC6D-05A2-4B6A-BB7B-E872F5C21F17}.Release|Any CPU.Build.0 = Release|Any CPU
		{99EECC49-37A6-4554-ACFD-6211839AED27}.Debug|Any CPU.ActiveCfg = Debug|Any CPU
		{99EECC49-37A6-4554-ACFD-6211839AED27}.Debug|Any CPU.Build.0 = Debug|Any CPU
		{99EECC49-37A6-4554-ACFD-6211839AED27}.Release|Any CPU.ActiveCfg = Release|Any CPU
		{99EECC49-37A6-4554-ACFD-6211839AED27}.Release|Any CPU.Build.0 = Release|Any CPU
		{3FDAC6DB-0345-4951-97BF-EA77AFCACAAC}.Debug|Any CPU.ActiveCfg = Debug|Any CPU
		{3FDAC6DB-0345-4951-97BF-EA77AFCACAAC}.Debug|Any CPU.Build.0 = Debug|Any CPU
		{3FDAC6DB-0345-4951-97BF-EA77AFCACAAC}.Release|Any CPU.ActiveCfg = Release|Any CPU
		{3FDAC6DB-0345-4951-97BF-EA77AFCACAAC}.Release|Any CPU.Build.0 = Release|Any CPU
		{42830144-7A76-4062-B1C2-D2B1EE39EC12}.Debug|Any CPU.ActiveCfg = Debug|Any CPU
		{42830144-7A76-4062-B1C2-D2B1EE39EC12}.Debug|Any CPU.Build.0 = Debug|Any CPU
		{42830144-7A76-4062-B1C2-D2B1EE39EC12}.Release|Any CPU.ActiveCfg = Release|Any CPU
		{42830144-7A76-4062-B1C2-D2B1EE39EC12}.Release|Any CPU.Build.0 = Release|Any CPU
		{DD6C67A2-58E6-4B33-8B91-07E2B4D960C6}.Debug|Any CPU.ActiveCfg = Debug|Any CPU
		{DD6C67A2-58E6-4B33-8B91-07E2B4D960C6}.Debug|Any CPU.Build.0 = Debug|Any CPU
		{DD6C67A2-58E6-4B33-8B91-07E2B4D960C6}.Release|Any CPU.ActiveCfg = Release|Any CPU
		{DD6C67A2-58E6-4B33-8B91-07E2B4D960C6}.Release|Any CPU.Build.0 = Release|Any CPU
		{3D9A5781-12FA-4E6A-8AAB-75D35C79B50B}.Debug|Any CPU.ActiveCfg = Debug|Any CPU
		{3D9A5781-12FA-4E6A-8AAB-75D35C79B50B}.Debug|Any CPU.Build.0 = Debug|Any CPU
		{3D9A5781-12FA-4E6A-8AAB-75D35C79B50B}.Release|Any CPU.ActiveCfg = Release|Any CPU
		{3D9A5781-12FA-4E6A-8AAB-75D35C79B50B}.Release|Any CPU.Build.0 = Release|Any CPU
		{8D82888E-9330-440A-B506-17DB3410F4DE}.Debug|Any CPU.ActiveCfg = Debug|Any CPU
		{8D82888E-9330-440A-B506-17DB3410F4DE}.Debug|Any CPU.Build.0 = Debug|Any CPU
		{8D82888E-9330-440A-B506-17DB3410F4DE}.Release|Any CPU.ActiveCfg = Release|Any CPU
		{8D82888E-9330-440A-B506-17DB3410F4DE}.Release|Any CPU.Build.0 = Release|Any CPU
		{8FC445D6-D9D6-451E-AA78-729367E77250}.Debug|Any CPU.ActiveCfg = Debug|Any CPU
		{8FC445D6-D9D6-451E-AA78-729367E77250}.Debug|Any CPU.Build.0 = Debug|Any CPU
		{8FC445D6-D9D6-451E-AA78-729367E77250}.Release|Any CPU.ActiveCfg = Release|Any CPU
		{8FC445D6-D9D6-451E-AA78-729367E77250}.Release|Any CPU.Build.0 = Release|Any CPU
		{B9B09CD2-382E-4758-866A-B913C5FF22E8}.Debug|Any CPU.ActiveCfg = Debug|Any CPU
		{B9B09CD2-382E-4758-866A-B913C5FF22E8}.Debug|Any CPU.Build.0 = Debug|Any CPU
		{B9B09CD2-382E-4758-866A-B913C5FF22E8}.Release|Any CPU.ActiveCfg = Release|Any CPU
		{B9B09CD2-382E-4758-866A-B913C5FF22E8}.Release|Any CPU.Build.0 = Release|Any CPU
		{E6FBE45D-E7A2-4935-9511-198DE2D32B43}.Debug|Any CPU.ActiveCfg = Debug|Any CPU
		{E6FBE45D-E7A2-4935-9511-198DE2D32B43}.Debug|Any CPU.Build.0 = Debug|Any CPU
		{E6FBE45D-E7A2-4935-9511-198DE2D32B43}.Release|Any CPU.ActiveCfg = Release|Any CPU
		{E6FBE45D-E7A2-4935-9511-198DE2D32B43}.Release|Any CPU.Build.0 = Release|Any CPU
		{65308CA7-85C5-4B27-8694-F91F142D1D3B}.Debug|Any CPU.ActiveCfg = Debug|Any CPU
		{65308CA7-85C5-4B27-8694-F91F142D1D3B}.Debug|Any CPU.Build.0 = Debug|Any CPU
		{65308CA7-85C5-4B27-8694-F91F142D1D3B}.Release|Any CPU.ActiveCfg = Release|Any CPU
		{65308CA7-85C5-4B27-8694-F91F142D1D3B}.Release|Any CPU.Build.0 = Release|Any CPU
		{DC9ED555-489C-493C-B962-F80C116C271F}.Debug|Any CPU.ActiveCfg = Debug|Any CPU
		{DC9ED555-489C-493C-B962-F80C116C271F}.Debug|Any CPU.Build.0 = Debug|Any CPU
		{DC9ED555-489C-493C-B962-F80C116C271F}.Release|Any CPU.ActiveCfg = Release|Any CPU
		{DC9ED555-489C-493C-B962-F80C116C271F}.Release|Any CPU.Build.0 = Release|Any CPU
		{A608C7EA-9826-416C-8AD2-1B7313F91D3E}.Debug|Any CPU.ActiveCfg = Debug|Any CPU
		{A608C7EA-9826-416C-8AD2-1B7313F91D3E}.Debug|Any CPU.Build.0 = Debug|Any CPU
		{A608C7EA-9826-416C-8AD2-1B7313F91D3E}.Release|Any CPU.ActiveCfg = Release|Any CPU
		{A608C7EA-9826-416C-8AD2-1B7313F91D3E}.Release|Any CPU.Build.0 = Release|Any CPU
		{1E540CC9-AB5A-4E63-B39C-E7DE7DC785F2}.Debug|Any CPU.ActiveCfg = Debug|Any CPU
		{1E540CC9-AB5A-4E63-B39C-E7DE7DC785F2}.Debug|Any CPU.Build.0 = Debug|Any CPU
		{1E540CC9-AB5A-4E63-B39C-E7DE7DC785F2}.Release|Any CPU.ActiveCfg = Release|Any CPU
		{1E540CC9-AB5A-4E63-B39C-E7DE7DC785F2}.Release|Any CPU.Build.0 = Release|Any CPU
		{5DBC8569-8136-40F6-991E-B6FB9E014ED0}.Debug|Any CPU.ActiveCfg = Debug|Any CPU
		{5DBC8569-8136-40F6-991E-B6FB9E014ED0}.Debug|Any CPU.Build.0 = Debug|Any CPU
		{5DBC8569-8136-40F6-991E-B6FB9E014ED0}.Release|Any CPU.ActiveCfg = Release|Any CPU
		{5DBC8569-8136-40F6-991E-B6FB9E014ED0}.Release|Any CPU.Build.0 = Release|Any CPU
		{6CA516F8-A828-4D7B-A8A8-2E83221C2D1D}.Debug|Any CPU.ActiveCfg = Debug|Any CPU
		{6CA516F8-A828-4D7B-A8A8-2E83221C2D1D}.Debug|Any CPU.Build.0 = Debug|Any CPU
		{6CA516F8-A828-4D7B-A8A8-2E83221C2D1D}.Release|Any CPU.ActiveCfg = Release|Any CPU
		{6CA516F8-A828-4D7B-A8A8-2E83221C2D1D}.Release|Any CPU.Build.0 = Release|Any CPU
		{6D06A658-FF57-4831-8BA1-FEF7239D3067}.Debug|Any CPU.ActiveCfg = Debug|Any CPU
		{6D06A658-FF57-4831-8BA1-FEF7239D3067}.Debug|Any CPU.Build.0 = Debug|Any CPU
		{6D06A658-FF57-4831-8BA1-FEF7239D3067}.Release|Any CPU.ActiveCfg = Release|Any CPU
		{6D06A658-FF57-4831-8BA1-FEF7239D3067}.Release|Any CPU.Build.0 = Release|Any CPU
	EndGlobalSection
	GlobalSection(SolutionProperties) = preSolution
		HideSolutionNode = FALSE
	EndGlobalSection
	GlobalSection(NestedProjects) = preSolution
		{F8B8618B-E138-452B-BBFF-EE71BDB106B2} = {4CD022A9-227B-4F32-88AB-91823664D15D}
		{C8272E0A-6E7C-4E3C-BC04-A8761E37E163} = {4CD022A9-227B-4F32-88AB-91823664D15D}
		{BCB3AE6A-DCC4-42D1-B952-10FDE3CCDE08} = {1FC7E4CA-D079-43C0-9AC5-051F4B81A7AC}
		{BFECDC6D-05A2-4B6A-BB7B-E872F5C21F17} = {1FC7E4CA-D079-43C0-9AC5-051F4B81A7AC}
		{99EECC49-37A6-4554-ACFD-6211839AED27} = {4CD022A9-227B-4F32-88AB-91823664D15D}
		{3FDAC6DB-0345-4951-97BF-EA77AFCACAAC} = {1FC7E4CA-D079-43C0-9AC5-051F4B81A7AC}
		{42830144-7A76-4062-B1C2-D2B1EE39EC12} = {16383A5B-67CD-45B3-97AB-B1EAB96F68B5}
		{DD6C67A2-58E6-4B33-8B91-07E2B4D960C6} = {4C81D645-888C-4620-9602-C16DA5238838}
		{4C81D645-888C-4620-9602-C16DA5238838} = {4CD022A9-227B-4F32-88AB-91823664D15D}
		{3D9A5781-12FA-4E6A-8AAB-75D35C79B50B} = {4C81D645-888C-4620-9602-C16DA5238838}
		{8D82888E-9330-440A-B506-17DB3410F4DE} = {4C81D645-888C-4620-9602-C16DA5238838}
		{8FC445D6-D9D6-451E-AA78-729367E77250} = {4C81D645-888C-4620-9602-C16DA5238838}
		{B9B09CD2-382E-4758-866A-B913C5FF22E8} = {4C81D645-888C-4620-9602-C16DA5238838}
		{E9B3F89A-EDD8-441C-B24E-E7BA2032F8AF} = {1FC7E4CA-D079-43C0-9AC5-051F4B81A7AC}
		{E6FBE45D-E7A2-4935-9511-198DE2D32B43} = {E9B3F89A-EDD8-441C-B24E-E7BA2032F8AF}
		{65308CA7-85C5-4B27-8694-F91F142D1D3B} = {E9B3F89A-EDD8-441C-B24E-E7BA2032F8AF}
		{DC9ED555-489C-493C-B962-F80C116C271F} = {E9B3F89A-EDD8-441C-B24E-E7BA2032F8AF}
		{A608C7EA-9826-416C-8AD2-1B7313F91D3E} = {E9B3F89A-EDD8-441C-B24E-E7BA2032F8AF}
		{1E540CC9-AB5A-4E63-B39C-E7DE7DC785F2} = {E9B3F89A-EDD8-441C-B24E-E7BA2032F8AF}
		{5DBC8569-8136-40F6-991E-B6FB9E014ED0} = {E9B3F89A-EDD8-441C-B24E-E7BA2032F8AF}
		{6CA516F8-A828-4D7B-A8A8-2E83221C2D1D} = {16383A5B-67CD-45B3-97AB-B1EAB96F68B5}
		{6D06A658-FF57-4831-8BA1-FEF7239D3067} = {4C81D645-888C-4620-9602-C16DA5238838}
	EndGlobalSection
	GlobalSection(ExtensibilityGlobals) = postSolution
		SolutionGuid = {DF4B66D0-8EA6-4CAD-ADA3-213378445B36}
	EndGlobalSection
EndGlobal
