
Microsoft Visual Studio Solution File, Format Version 12.00
# Visual Studio 15
VisualStudioVersion = 15.0.27004.2002
MinimumVisualStudioVersion = 10.0.40219.1
Project("{2150E333-8FDC-42A3-9474-1A3956D46DE8}") = "Tests", "Tests", "{1FC7E4CA-D079-43C0-9AC5-051F4B81A7AC}"
EndProject
Project("{2150E333-8FDC-42A3-9474-1A3956D46DE8}") = "Core", "Core", "{4CD022A9-227B-4F32-88AB-91823664D15D}"
EndProject
Project("{2150E333-8FDC-42A3-9474-1A3956D46DE8}") = ".Solution Items", ".Solution Items", "{63ECDC93-300E-4686-8FFC-74C47B3A2694}"
	ProjectSection(SolutionItems) = preProject
		BackLog.txt = BackLog.txt
	EndProjectSection
EndProject
Project("{9A19103F-16F7-4668-BE54-9A1E7A4F7556}") = "Axis.Luna.Extensions", "Axis.Luna.Extensions\Axis.Luna.Extensions.csproj", "{F8B8618B-E138-452B-BBFF-EE71BDB106B2}"
EndProject
Project("{9A19103F-16F7-4668-BE54-9A1E7A4F7556}") = "Axis.Luna.Operation", "Axis.Luna.Operation\Axis.Luna.Operation.csproj", "{EEB1A1AF-5C82-441F-9C05-FD12B38A61F1}"
EndProject
Project("{9A19103F-16F7-4668-BE54-9A1E7A4F7556}") = "Axis.Luna.Common", "Axis.Luna.Common\Axis.Luna.Common.csproj", "{C8272E0A-6E7C-4E3C-BC04-A8761E37E163}"
EndProject
Project("{9A19103F-16F7-4668-BE54-9A1E7A4F7556}") = "Axis.Luna.Operation.Test", "Axis.Luna.Operation.Test\Axis.Luna.Operation.Test.csproj", "{A96D569E-1F23-4700-9846-91720D84E89F}"
EndProject
Project("{9A19103F-16F7-4668-BE54-9A1E7A4F7556}") = "Axis.Luna.Extensions.Test", "Axis.Luna.Extensions.Test\Axis.Luna.Extensions.Test.csproj", "{BCB3AE6A-DCC4-42D1-B952-10FDE3CCDE08}"
EndProject
Project("{FAE04EC0-301F-11D3-BF4B-00C04F79EFBC}") = "Axis.Luna.Common.Test", "Axis.Luna.Common.Test\Axis.Luna.Common.Test.csproj", "{BFECDC6D-05A2-4B6A-BB7B-E872F5C21F17}"
EndProject
Global
	GlobalSection(SolutionConfigurationPlatforms) = preSolution
		Debug|Any CPU = Debug|Any CPU
		Release|Any CPU = Release|Any CPU
	EndGlobalSection
	GlobalSection(ProjectConfigurationPlatforms) = postSolution
		{F8B8618B-E138-452B-BBFF-EE71BDB106B2}.Debug|Any CPU.ActiveCfg = Debug|Any CPU
		{F8B8618B-E138-452B-BBFF-EE71BDB106B2}.Debug|Any CPU.Build.0 = Debug|Any CPU
		{F8B8618B-E138-452B-BBFF-EE71BDB106B2}.Release|Any CPU.ActiveCfg = Release|Any CPU
		{F8B8618B-E138-452B-BBFF-EE71BDB106B2}.Release|Any CPU.Build.0 = Release|Any CPU
		{EEB1A1AF-5C82-441F-9C05-FD12B38A61F1}.Debug|Any CPU.ActiveCfg = Debug|Any CPU
		{EEB1A1AF-5C82-441F-9C05-FD12B38A61F1}.Debug|Any CPU.Build.0 = Debug|Any CPU
		{EEB1A1AF-5C82-441F-9C05-FD12B38A61F1}.Release|Any CPU.ActiveCfg = Release|Any CPU
		{EEB1A1AF-5C82-441F-9C05-FD12B38A61F1}.Release|Any CPU.Build.0 = Release|Any CPU
		{C8272E0A-6E7C-4E3C-BC04-A8761E37E163}.Debug|Any CPU.ActiveCfg = Debug|Any CPU
		{C8272E0A-6E7C-4E3C-BC04-A8761E37E163}.Debug|Any CPU.Build.0 = Debug|Any CPU
		{C8272E0A-6E7C-4E3C-BC04-A8761E37E163}.Release|Any CPU.ActiveCfg = Release|Any CPU
		{C8272E0A-6E7C-4E3C-BC04-A8761E37E163}.Release|Any CPU.Build.0 = Release|Any CPU
		{A96D569E-1F23-4700-9846-91720D84E89F}.Debug|Any CPU.ActiveCfg = Debug|Any CPU
		{A96D569E-1F23-4700-9846-91720D84E89F}.Debug|Any CPU.Build.0 = Debug|Any CPU
		{A96D569E-1F23-4700-9846-91720D84E89F}.Release|Any CPU.ActiveCfg = Release|Any CPU
		{A96D569E-1F23-4700-9846-91720D84E89F}.Release|Any CPU.Build.0 = Release|Any CPU
		{BCB3AE6A-DCC4-42D1-B952-10FDE3CCDE08}.Debug|Any CPU.ActiveCfg = Debug|Any CPU
		{BCB3AE6A-DCC4-42D1-B952-10FDE3CCDE08}.Debug|Any CPU.Build.0 = Debug|Any CPU
		{BCB3AE6A-DCC4-42D1-B952-10FDE3CCDE08}.Release|Any CPU.ActiveCfg = Release|Any CPU
		{BCB3AE6A-DCC4-42D1-B952-10FDE3CCDE08}.Release|Any CPU.Build.0 = Release|Any CPU
		{BFECDC6D-05A2-4B6A-BB7B-E872F5C21F17}.Debug|Any CPU.ActiveCfg = Debug|Any CPU
		{BFECDC6D-05A2-4B6A-BB7B-E872F5C21F17}.Debug|Any CPU.Build.0 = Debug|Any CPU
		{BFECDC6D-05A2-4B6A-BB7B-E872F5C21F17}.Release|Any CPU.ActiveCfg = Release|Any CPU
		{BFECDC6D-05A2-4B6A-BB7B-E872F5C21F17}.Release|Any CPU.Build.0 = Release|Any CPU
	EndGlobalSection
	GlobalSection(SolutionProperties) = preSolution
		HideSolutionNode = FALSE
	EndGlobalSection
	GlobalSection(NestedProjects) = preSolution
		{F8B8618B-E138-452B-BBFF-EE71BDB106B2} = {4CD022A9-227B-4F32-88AB-91823664D15D}
		{EEB1A1AF-5C82-441F-9C05-FD12B38A61F1} = {4CD022A9-227B-4F32-88AB-91823664D15D}
		{C8272E0A-6E7C-4E3C-BC04-A8761E37E163} = {4CD022A9-227B-4F32-88AB-91823664D15D}
		{A96D569E-1F23-4700-9846-91720D84E89F} = {1FC7E4CA-D079-43C0-9AC5-051F4B81A7AC}
		{BCB3AE6A-DCC4-42D1-B952-10FDE3CCDE08} = {1FC7E4CA-D079-43C0-9AC5-051F4B81A7AC}
		{BFECDC6D-05A2-4B6A-BB7B-E872F5C21F17} = {1FC7E4CA-D079-43C0-9AC5-051F4B81A7AC}
	EndGlobalSection
	GlobalSection(ExtensibilityGlobals) = postSolution
		SolutionGuid = {DF4B66D0-8EA6-4CAD-ADA3-213378445B36}
	EndGlobalSection
EndGlobal
