
Microsoft Visual Studio Solution File, Format Version 12.00
# Visual Studio 14
VisualStudioVersion = 14.0.25420.1
MinimumVisualStudioVersion = 10.0.40219.1
Project("{FAE04EC0-301F-11D3-BF4B-00C04F79EFBC}") = "Axis.Luna", "Axis.Luna\Axis.Luna.csproj", "{DC15DC69-5965-4769-9CFD-F7917FAC5DD9}"
EndProject
Project("{2150E333-8FDC-42A3-9474-1A3956D46DE8}") = "Tests", "Tests", "{1FC7E4CA-D079-43C0-9AC5-051F4B81A7AC}"
EndProject
Project("{2150E333-8FDC-42A3-9474-1A3956D46DE8}") = "Core", "Core", "{4CD022A9-227B-4F32-88AB-91823664D15D}"
EndProject
Project("{FAE04EC0-301F-11D3-BF4B-00C04F79EFBC}") = "Axis.Luna.Test", "Axis.Luna.Test\Axis.Luna.Test.csproj", "{1F75942B-5A2A-44A5-8439-6042E6D83035}"
EndProject
Project("{2150E333-8FDC-42A3-9474-1A3956D46DE8}") = ".Misc", ".Misc", "{D7A704C7-852E-495C-B9F3-837381429B7E}"
	ProjectSection(SolutionItems) = preProject
		Bugs.txt = Bugs.txt
	EndProjectSection
EndProject
Project("{FAE04EC0-301F-11D3-BF4B-00C04F79EFBC}") = "ConsolePlayground", "ConsolePlayground\ConsolePlayground.csproj", "{01976E48-CD17-4673-B8C6-42DF6C6D667B}"
EndProject
Project("{2150E333-8FDC-42A3-9474-1A3956D46DE8}") = "Solution Items", "Solution Items", "{63ECDC93-300E-4686-8FFC-74C47B3A2694}"
	ProjectSection(SolutionItems) = preProject
		GitVersionConfig.yaml = GitVersionConfig.yaml
	EndProjectSection
EndProject
Global
	GlobalSection(SolutionConfigurationPlatforms) = preSolution
		Debug|Any CPU = Debug|Any CPU
		Release|Any CPU = Release|Any CPU
	EndGlobalSection
	GlobalSection(ProjectConfigurationPlatforms) = postSolution
		{DC15DC69-5965-4769-9CFD-F7917FAC5DD9}.Debug|Any CPU.ActiveCfg = Debug|Any CPU
		{DC15DC69-5965-4769-9CFD-F7917FAC5DD9}.Debug|Any CPU.Build.0 = Debug|Any CPU
		{DC15DC69-5965-4769-9CFD-F7917FAC5DD9}.Release|Any CPU.ActiveCfg = Release|Any CPU
		{DC15DC69-5965-4769-9CFD-F7917FAC5DD9}.Release|Any CPU.Build.0 = Release|Any CPU
		{1F75942B-5A2A-44A5-8439-6042E6D83035}.Debug|Any CPU.ActiveCfg = Debug|Any CPU
		{1F75942B-5A2A-44A5-8439-6042E6D83035}.Debug|Any CPU.Build.0 = Debug|Any CPU
		{1F75942B-5A2A-44A5-8439-6042E6D83035}.Release|Any CPU.ActiveCfg = Release|Any CPU
		{1F75942B-5A2A-44A5-8439-6042E6D83035}.Release|Any CPU.Build.0 = Release|Any CPU
		{01976E48-CD17-4673-B8C6-42DF6C6D667B}.Debug|Any CPU.ActiveCfg = Debug|Any CPU
		{01976E48-CD17-4673-B8C6-42DF6C6D667B}.Debug|Any CPU.Build.0 = Debug|Any CPU
		{01976E48-CD17-4673-B8C6-42DF6C6D667B}.Release|Any CPU.ActiveCfg = Release|Any CPU
		{01976E48-CD17-4673-B8C6-42DF6C6D667B}.Release|Any CPU.Build.0 = Release|Any CPU
	EndGlobalSection
	GlobalSection(SolutionProperties) = preSolution
		HideSolutionNode = FALSE
	EndGlobalSection
	GlobalSection(NestedProjects) = preSolution
		{DC15DC69-5965-4769-9CFD-F7917FAC5DD9} = {4CD022A9-227B-4F32-88AB-91823664D15D}
		{1F75942B-5A2A-44A5-8439-6042E6D83035} = {1FC7E4CA-D079-43C0-9AC5-051F4B81A7AC}
		{01976E48-CD17-4673-B8C6-42DF6C6D667B} = {1FC7E4CA-D079-43C0-9AC5-051F4B81A7AC}
	EndGlobalSection
EndGlobal
